
Microsoft Visual Studio Solution File, Format Version 12.00
# Visual Studio 14
VisualStudioVersion = 14.0.25123.0
MinimumVisualStudioVersion = 10.0.40219.1
Project("{2150E333-8FDC-42A3-9474-1A3956D46DE8}") = "Solution Items", "Solution Items", "{23F662B2-1586-480F-B457-072E145B5551}"
	ProjectSection(SolutionItems) = preProject
		.gitignore = .gitignore
		global.json = global.json
		LICENSE.txt = LICENSE.txt
		README.md = README.md
	EndProjectSection
EndProject
Project("{8BB2217D-0F2D-49D1-97BC-3654ED321F3B}") = "Microsoft.DotNet.Xdt.Tools", "Microsoft.DotNet.Xdt.Tools\Microsoft.DotNet.Xdt.Tools.xproj", "{A2D567CE-4B7F-48F2-852E-7DF53A609599}"
EndProject
Global
	GlobalSection(SolutionConfigurationPlatforms) = preSolution
		Debug|Any CPU = Debug|Any CPU
		Release|Any CPU = Release|Any CPU
	EndGlobalSection
	GlobalSection(ProjectConfigurationPlatforms) = postSolution
		{A2D567CE-4B7F-48F2-852E-7DF53A609599}.Debug|Any CPU.ActiveCfg = Debug|Any CPU
		{A2D567CE-4B7F-48F2-852E-7DF53A609599}.Debug|Any CPU.Build.0 = Debug|Any CPU
		{A2D567CE-4B7F-48F2-852E-7DF53A609599}.Release|Any CPU.ActiveCfg = Release|Any CPU
		{A2D567CE-4B7F-48F2-852E-7DF53A609599}.Release|Any CPU.Build.0 = Release|Any CPU
	EndGlobalSection
	GlobalSection(SolutionProperties) = preSolution
		HideSolutionNode = FALSE
	EndGlobalSection
EndGlobal
